Microsoft Visual Studio Solution File, Format Version 9.00
# Visual Studio 2005
Project("{8BC9CEB8-8B4A-11D0-8D11-00A0C91BC942}") = "IlmCtl", "IlmCtl\IlmCtl.vcproj", "{DBC5918A-BFB9-4D6E-B749-EA933B231E25}"
EndProject
Project("{8BC9CEB8-8B4A-11D0-8D11-00A0C91BC942}") = "IlmCtlMath", "IlmCtlMath\IlmCtlMath.vcproj", "{810D0026-3631-4AC3-BBB6-CF0EDB23EFB5}"
	ProjectSection(ProjectDependencies) = postProject
		{DBC5918A-BFB9-4D6E-B749-EA933B231E25} = {DBC5918A-BFB9-4D6E-B749-EA933B231E25}
	EndProjectSection
EndProject
Project("{8BC9CEB8-8B4A-11D0-8D11-00A0C91BC942}") = "IlmCtlTest", "IlmCtlTest\IlmCtlTest.vcproj", "{49E8E698-7ED1-4492-85F4-19B7436FE820}"
	ProjectSection(ProjectDependencies) = postProject
		{810D0026-3631-4AC3-BBB6-CF0EDB23EFB5} = {810D0026-3631-4AC3-BBB6-CF0EDB23EFB5}
		{364AFD41-D36F-4FC9-A7C8-F5B6BE32B41F} = {364AFD41-D36F-4FC9-A7C8-F5B6BE32B41F}
		{DBC5918A-BFB9-4D6E-B749-EA933B231E25} = {DBC5918A-BFB9-4D6E-B749-EA933B231E25}
	EndProjectSection
EndProject
Project("{8BC9CEB8-8B4A-11D0-8D11-00A0C91BC942}") = "IlmCtlSimd", "IlmCtlSimd\IlmCtlSimd.vcproj", "{364AFD41-D36F-4FC9-A7C8-F5B6BE32B41F}"
	ProjectSection(ProjectDependencies) = postProject
		{810D0026-3631-4AC3-BBB6-CF0EDB23EFB5} = {810D0026-3631-4AC3-BBB6-CF0EDB23EFB5}
		{DBC5918A-BFB9-4D6E-B749-EA933B231E25} = {DBC5918A-BFB9-4D6E-B749-EA933B231E25}
	EndProjectSection
EndProject
Project("{8BC9CEB8-8B4A-11D0-8D11-00A0C91BC942}") = "IlmCtlMathTest", "IlmCtlMathTest\IlmCtlMathTest.vcproj", "{536E865F-792C-48B4-B01C-971EB0A32315}"
	ProjectSection(ProjectDependencies) = postProject
		{810D0026-3631-4AC3-BBB6-CF0EDB23EFB5} = {810D0026-3631-4AC3-BBB6-CF0EDB23EFB5}
		{DBC5918A-BFB9-4D6E-B749-EA933B231E25} = {DBC5918A-BFB9-4D6E-B749-EA933B231E25}
	EndProjectSection
EndProject
Global
	GlobalSection(SolutionConfigurationPlatforms) = preSolution
		Debug|Win32 = Debug|Win32
		Release|Win32 = Release|Win32
	EndGlobalSection
	GlobalSection(ProjectConfigurationPlatforms) = postSolution
		{DBC5918A-BFB9-4D6E-B749-EA933B231E25}.Debug|Win32.ActiveCfg = Debug|Win32
		{DBC5918A-BFB9-4D6E-B749-EA933B231E25}.Debug|Win32.Build.0 = Debug|Win32
		{DBC5918A-BFB9-4D6E-B749-EA933B231E25}.Release|Win32.ActiveCfg = Release|Win32
		{DBC5918A-BFB9-4D6E-B749-EA933B231E25}.Release|Win32.Build.0 = Release|Win32
		{810D0026-3631-4AC3-BBB6-CF0EDB23EFB5}.Debug|Win32.ActiveCfg = Debug|Win32
		{810D0026-3631-4AC3-BBB6-CF0EDB23EFB5}.Debug|Win32.Build.0 = Debug|Win32
		{810D0026-3631-4AC3-BBB6-CF0EDB23EFB5}.Release|Win32.ActiveCfg = Release|Win32
		{810D0026-3631-4AC3-BBB6-CF0EDB23EFB5}.Release|Win32.Build.0 = Release|Win32
		{49E8E698-7ED1-4492-85F4-19B7436FE820}.Debug|Win32.ActiveCfg = Debug|Win32
		{49E8E698-7ED1-4492-85F4-19B7436FE820}.Debug|Win32.Build.0 = Debug|Win32
		{49E8E698-7ED1-4492-85F4-19B7436FE820}.Release|Win32.ActiveCfg = Release|Win32
		{49E8E698-7ED1-4492-85F4-19B7436FE820}.Release|Win32.Build.0 = Release|Win32
		{364AFD41-D36F-4FC9-A7C8-F5B6BE32B41F}.Debug|Win32.ActiveCfg = Debug|Win32
		{364AFD41-D36F-4FC9-A7C8-F5B6BE32B41F}.Debug|Win32.Build.0 = Debug|Win32
		{364AFD41-D36F-4FC9-A7C8-F5B6BE32B41F}.Release|Win32.ActiveCfg = Release|Win32
		{364AFD41-D36F-4FC9-A7C8-F5B6BE32B41F}.Release|Win32.Build.0 = Release|Win32
		{536E865F-792C-48B4-B01C-971EB0A32315}.Debug|Win32.ActiveCfg = Debug|Win32
		{536E865F-792C-48B4-B01C-971EB0A32315}.Debug|Win32.Build.0 = Debug|Win32
		{536E865F-792C-48B4-B01C-971EB0A32315}.Release|Win32.ActiveCfg = Release|Win32
		{536E865F-792C-48B4-B01C-971EB0A32315}.Release|Win32.Build.0 = Release|Win32
	EndGlobalSection
	GlobalSection(SolutionProperties) = preSolution
		HideSolutionNode = FALSE
	EndGlobalSection
EndGlobal
